{
  "name": "openrouter-test",
  "version": "1.0.0",
  "lockfileVersion": 3,
  "requires": true,
  "packages": {
    "": {
      "name": "openrouter-test",
      "version": "1.0.0",
      "dependencies": {
        "@openrouter/sdk": "^0.12.35",
        "dotenv": "^16.6.1"
      }
    },
    "node_modules/@openrouter/sdk": {
      "version": "0.12.35",
      "resolved": "https://registry.npmjs.org/@openrouter/sdk/-/sdk-0.12.35.tgz",
      "integrity": "sha512-s4QVLLnG1AmfW3TjnnHUqGfsCkzwVK+kboGcZmKbde09m1DPqgzl4RUFt/HJ5v97MX8aEaN0UG3mKv2S+qj2Gw==",
      "hasInstallScript": true,
      "license": "Apache-2.0",
      "dependencies": {
        "zod": "^3.25.0 || ^4.0.0"
      }
    },
    "node_modules/dotenv": {
      "version": "16.6.1",
      "resolved": "https://registry.npmjs.org/dotenv/-/dotenv-16.6.1.tgz",
      "integrity": "sha512-uBq4egWHTcTt33a72vpSG0z3HnPuIl6NqYcTrKEg2azoEyl2hpW0zqlxysq2pK9HlDIHyHyakeYaYnSAwd8bow==",
      "license": "BSD-2-Clause",
      "engines": {
        "node": ">=12"
      },
      "funding": {
        "url": "https://dotenvx.com"
      }
    },
    "node_modules/zod": {
      "version": "4.4.3",
      "resolved": "https://registry.npmjs.org/zod/-/zod-4.4.3.tgz",
      "integrity": "sha512-ytENFjIJFl2UwYglde2jchW2Hwm4GJFLDiSXWdTrJQBIN9Fcyp7n4DhxJEiWNAJMV1/BqWfW/kkg71UDcHJyTQ==",
      "license": "MIT",
      "funding": {
        "url": "https://github.com/sponsors/colinhacks"
      }
    }
  }
}
